Microsoft Visual Studio Solution File, Format Version 12.00
# Visual Studio Version 17
VisualStudioVersion = 17.5.2.0
MinimumVisualStudioVersion = 10.0.40219.1
Project("{FAE04EC0-301F-11D3-BF4B-00C04F79EFBC}") = "PasswordStrengthCheckTest", "PasswordStrengthTest\PasswordStrengthCheckTest.csproj", "{4DDA0AAF-EFE7-D0A8-98E1-F7D572E1D201}"
EndProject
Project("{2150E333-8FDC-42A3-9474-1A3956D46DE8}") = "PasswordStrengthChecksln", "PasswordStrengthChecksln", "{74A0AD8E-7FC0-FA94-6311-3803E8479C5F}"
EndProject
Project("{FAE04EC0-301F-11D3-BF4B-00C04F79EFBC}") = "PasswordStrengthCheck", "PasswordStrengthChecksln\PasswordStrengthCheckLibrary\PasswordStrengthCheck.csproj", "{5CCF7C8A-3D5D-BC8B-8BB3-9ED8E3D0D3AF}"
EndProject
Global
	GlobalSection(SolutionConfigurationPlatforms) = preSolution
		Debug|Any CPU = Debug|Any CPU
		Release|Any CPU = Release|Any CPU
	EndGlobalSection
	GlobalSection(ProjectConfigurationPlatforms) = postSolution
		{4DDA0AAF-EFE7-D0A8-98E1-F7D572E1D201}.Debug|Any CPU.ActiveCfg = Debug|Any CPU
		{4DDA0AAF-EFE7-D0A8-98E1-F7D572E1D201}.Debug|Any CPU.Build.0 = Debug|Any CPU
		{4DDA0AAF-EFE7-D0A8-98E1-F7D572E1D201}.Release|Any CPU.ActiveCfg = Release|Any CPU
		{4DDA0AAF-EFE7-D0A8-98E1-F7D572E1D201}.Release|Any CPU.Build.0 = Release|Any CPU
		{5CCF7C8A-3D5D-BC8B-8BB3-9ED8E3D0D3AF}.Debug|Any CPU.ActiveCfg = Debug|Any CPU
		{5CCF7C8A-3D5D-BC8B-8BB3-9ED8E3D0D3AF}.Debug|Any CPU.Build.0 = Debug|Any CPU
		{5CCF7C8A-3D5D-BC8B-8BB3-9ED8E3D0D3AF}.Release|Any CPU.ActiveCfg = Release|Any CPU
		{5CCF7C8A-3D5D-BC8B-8BB3-9ED8E3D0D3AF}.Release|Any CPU.Build.0 = Release|Any CPU
	EndGlobalSection
	GlobalSection(SolutionProperties) = preSolution
		HideSolutionNode = FALSE
	EndGlobalSection
	GlobalSection(NestedProjects) = preSolution
		{5CCF7C8A-3D5D-BC8B-8BB3-9ED8E3D0D3AF} = {74A0AD8E-7FC0-FA94-6311-3803E8479C5F}
	EndGlobalSection
	GlobalSection(ExtensibilityGlobals) = postSolution
		SolutionGuid = {90293BA3-E8F4-4145-A644-8F583AA0D494}
	EndGlobalSection
EndGlobal
